
Microsoft Visual Studio Solution File, Format Version 12.00
# Visual Studio Version 17
VisualStudioVersion = 17.9.34728.123
MinimumVisualStudioVersion = 10.0.40219.1
Project("{9A19103F-16F7-4668-BE54-9A1E7A4F7556}") = "Models", "Models\Models.csproj", "{C6C735E2-9F4E-4DB1-A25A-B8F670141CD0}"
EndProject
Project("{9A19103F-16F7-4668-BE54-9A1E7A4F7556}") = "Server", "Server\Server.csproj", "{42D02F1D-057F-4EAF-9E33-560E8797F524}"
EndProject
Project("{FAE04EC0-301F-11D3-BF4B-00C04F79EFBC}") = "FirebaseTester", "FirebaseTester\FirebaseTester.csproj", "{5FEE6030-3C6A-4B91-A74B-EE2B8B84E0C2}"
EndProject
Global
	GlobalSection(SolutionConfigurationPlatforms) = preSolution
		Debug|Any CPU = Debug|Any CPU
		Release|Any CPU = Release|Any CPU
	EndGlobalSection
	GlobalSection(ProjectConfigurationPlatforms) = postSolution
		{C6C735E2-9F4E-4DB1-A25A-B8F670141CD0}.Debug|Any CPU.ActiveCfg = Debug|Any CPU
		{C6C735E2-9F4E-4DB1-A25A-B8F670141CD0}.Debug|Any CPU.Build.0 = Debug|Any CPU
		{C6C735E2-9F4E-4DB1-A25A-B8F670141CD0}.Release|Any CPU.ActiveCfg = Release|Any CPU
		{C6C735E2-9F4E-4DB1-A25A-B8F670141CD0}.Release|Any CPU.Build.0 = Release|Any CPU
		{42D02F1D-057F-4EAF-9E33-560E8797F524}.Debug|Any CPU.ActiveCfg = Debug|Any CPU
		{42D02F1D-057F-4EAF-9E33-560E8797F524}.Debug|Any CPU.Build.0 = Debug|Any CPU
		{42D02F1D-057F-4EAF-9E33-560E8797F524}.Release|Any CPU.ActiveCfg = Release|Any CPU
		{42D02F1D-057F-4EAF-9E33-560E8797F524}.Release|Any CPU.Build.0 = Release|Any CPU
		{5FEE6030-3C6A-4B91-A74B-EE2B8B84E0C2}.Debug|Any CPU.ActiveCfg = Debug|Any CPU
		{5FEE6030-3C6A-4B91-A74B-EE2B8B84E0C2}.Debug|Any CPU.Build.0 = Debug|Any CPU
		{5FEE6030-3C6A-4B91-A74B-EE2B8B84E0C2}.Release|Any CPU.ActiveCfg = Release|Any CPU
		{5FEE6030-3C6A-4B91-A74B-EE2B8B84E0C2}.Release|Any CPU.Build.0 = Release|Any CPU
	EndGlobalSection
	GlobalSection(SolutionProperties) = preSolution
		HideSolutionNode = FALSE
	EndGlobalSection
	GlobalSection(ExtensibilityGlobals) = postSolution
		SolutionGuid = {1C2DBE82-44B2-4E04-939C-506B8B878441}
	EndGlobalSection
EndGlobal
